// !$*UTF8*$!
{
	archiveVersion = 1;
	classes = {
	};
	objectVersion = 77;
	objects = {

/* Begin PBXBuildFile section */
		B00000000000000000000001 /* PersonalGrowthOSApp.swift in Sources */ = {isa = PBXBuildFile; fileRef = A00000000000000000000001 /* PersonalGrowthOSApp.swift */; };
		B00000000000000000000002 /* AppShell.swift in Sources */ = {isa = PBXBuildFile; fileRef = A00000000000000000000002 /* AppShell.swift */; };
		B00000000000000000000003 /* Assets.xcassets in Resources */ = {isa = PBXBuildFile; fileRef = A00000000000000000000003 /* Assets.xcassets */; };
		B00000000000000000000004 /* AppCompositionTests.swift in Sources */ = {isa = PBXBuildFile; fileRef = A00000000000000000000004 /* AppCompositionTests.swift */; };
		B00000000000000000000005 /* AppLaunchSmokeTests.swift in Sources */ = {isa = PBXBuildFile; fileRef = A00000000000000000000005 /* AppLaunchSmokeTests.swift */; };
		B00000000000000000000006 /* AppConfiguration.swift in Sources */ = {isa = PBXBuildFile; fileRef = A00000000000000000000009 /* AppConfiguration.swift */; };
		B00000000000000000000007 /* AppContainer.swift in Sources */ = {isa = PBXBuildFile; fileRef = A00000000000000000000010 /* AppContainer.swift */; };
		B00000000000000000000008 /* EntryDomain.swift in Sources */ = {isa = PBXBuildFile; fileRef = A00000000000000000000011 /* EntryDomain.swift */; };
		B00000000000000000000009 /* EntryDomainTests.swift in Sources */ = {isa = PBXBuildFile; fileRef = A00000000000000000000012 /* EntryDomainTests.swift */; };
		B00000000000000000000010 /* PersistenceFoundation.swift in Sources */ = {isa = PBXBuildFile; fileRef = A00000000000000000000013 /* PersistenceFoundation.swift */; };
		B00000000000000000000011 /* MediaStore.swift in Sources */ = {isa = PBXBuildFile; fileRef = A00000000000000000000014 /* MediaStore.swift */; };
		B00000000000000000000012 /* PersistenceMediaFoundationTests.swift in Sources */ = {isa = PBXBuildFile; fileRef = A00000000000000000000015 /* PersistenceMediaFoundationTests.swift */; };
		B00000000000000000000013 /* QuickCaptureView.swift in Sources */ = {isa = PBXBuildFile; fileRef = A00000000000000000000016 /* QuickCaptureView.swift */; };
		B00000000000000000000014 /* EntryDetailView.swift in Sources */ = {isa = PBXBuildFile; fileRef = A00000000000000000000017 /* EntryDetailView.swift */; };
		B00000000000000000000015 /* ThumbnailStore.swift in Sources */ = {isa = PBXBuildFile; fileRef = A00000000000000000000018 /* ThumbnailStore.swift */; };
		B00000000000000000000016 /* CameraCaptureView.swift in Sources */ = {isa = PBXBuildFile; fileRef = A00000000000000000000019 /* CameraCaptureView.swift */; };
		B00000000000000000000017 /* OrganizationFoundation.swift in Sources */ = {isa = PBXBuildFile; fileRef = A00000000000000000000020 /* OrganizationFoundation.swift */; };
		B00000000000000000000018 /* LibraryView.swift in Sources */ = {isa = PBXBuildFile; fileRef = A00000000000000000000021 /* LibraryView.swift */; };
		B00000000000000000000019 /* SearchView.swift in Sources */ = {isa = PBXBuildFile; fileRef = A00000000000000000000022 /* SearchView.swift */; };
		B00000000000000000000020 /* OrganizationSearchTests.swift in Sources */ = {isa = PBXBuildFile; fileRef = A00000000000000000000023 /* OrganizationSearchTests.swift */; };
		B00000000000000000000021 /* HabitDomain.swift in Sources */ = {isa = PBXBuildFile; fileRef = A00000000000000000000024 /* HabitDomain.swift */; };
		B00000000000000000000022 /* HabitFoundation.swift in Sources */ = {isa = PBXBuildFile; fileRef = A00000000000000000000025 /* HabitFoundation.swift */; };
		B00000000000000000000023 /* HabitViews.swift in Sources */ = {isa = PBXBuildFile; fileRef = A00000000000000000000026 /* HabitViews.swift */; };
		B00000000000000000000024 /* HabitFoundationTests.swift in Sources */ = {isa = PBXBuildFile; fileRef = A00000000000000000000027 /* HabitFoundationTests.swift */; };
		B00000000000000000000025 /* GoalDomain.swift in Sources */ = {isa = PBXBuildFile; fileRef = A00000000000000000000028 /* GoalDomain.swift */; };
		B00000000000000000000026 /* GoalFoundation.swift in Sources */ = {isa = PBXBuildFile; fileRef = A00000000000000000000029 /* GoalFoundation.swift */; };
		B00000000000000000000027 /* GoalViews.swift in Sources */ = {isa = PBXBuildFile; fileRef = A00000000000000000000030 /* GoalViews.swift */; };
		B00000000000000000000028 /* GoalFoundationTests.swift in Sources */ = {isa = PBXBuildFile; fileRef = A00000000000000000000031 /* GoalFoundationTests.swift */; };
		B00000000000000000000029 /* ZIPArchive.swift in Sources */ = {isa = PBXBuildFile; fileRef = A00000000000000000000032 /* ZIPArchive.swift */; };
		B00000000000000000000030 /* TransferModels.swift in Sources */ = {isa = PBXBuildFile; fileRef = A00000000000000000000033 /* TransferModels.swift */; };
		B00000000000000000000031 /* ImportExportService.swift in Sources */ = {isa = PBXBuildFile; fileRef = A00000000000000000000034 /* ImportExportService.swift */; };
		B00000000000000000000032 /* ImportExportRecoveryTests.swift in Sources */ = {isa = PBXBuildFile; fileRef = A00000000000000000000035 /* ImportExportRecoveryTests.swift */; };
/* End PBXBuildFile section */

/* Begin PBXContainerItemProxy section */
		E00000000000000000000001 /* PBXContainerItemProxy */ = {
			isa = PBXContainerItemProxy;
			containerPortal = H00000000000000000000001 /* Project object */;
			proxyType = 1;
			remoteGlobalIDString = F00000000000000000000001;
			remoteInfo = PersonalGrowthOS;
		};
		E00000000000000000000003 /* PBXContainerItemProxy */ = {
			isa = PBXContainerItemProxy;
			containerPortal = H00000000000000000000001 /* Project object */;
			proxyType = 1;
			remoteGlobalIDString = F00000000000000000000001;
			remoteInfo = PersonalGrowthOS;
		};
/* End PBXContainerItemProxy section */

/* Begin PBXFileReference section */
		A00000000000000000000001 /* PersonalGrowthOSApp.swift */ = {isa = PBXFileReference; lastKnownFileType = sourcecode.swift; path = PersonalGrowthOSApp.swift; sourceTree = "<group>"; };
		A00000000000000000000002 /* AppShell.swift */ = {isa = PBXFileReference; lastKnownFileType = sourcecode.swift; path = AppShell.swift; sourceTree = "<group>"; };
		A00000000000000000000003 /* Assets.xcassets */ = {isa = PBXFileReference; lastKnownFileType = folder.assetcatalog; path = Assets.xcassets; sourceTree = "<group>"; };
		A00000000000000000000004 /* AppCompositionTests.swift */ = {isa = PBXFileReference; lastKnownFileType = sourcecode.swift; path = AppCompositionTests.swift; sourceTree = "<group>"; };
		A00000000000000000000005 /* AppLaunchSmokeTests.swift */ = {isa = PBXFileReference; lastKnownFileType = sourcecode.swift; path = AppLaunchSmokeTests.swift; sourceTree = "<group>"; };
		A00000000000000000000006 /* PersonalGrowthOS.app */ = {isa = PBXFileReference; explicitFileType = wrapper.application; includeInIndex = 0; path = PersonalGrowthOS.app; sourceTree = BUILT_PRODUCTS_DIR; };
		A00000000000000000000007 /* PersonalGrowthOSTests.xctest */ = {isa = PBXFileReference; explicitFileType = wrapper.cfbundle; includeInIndex = 0; path = PersonalGrowthOSTests.xctest; sourceTree = BUILT_PRODUCTS_DIR; };
		A00000000000000000000008 /* PersonalGrowthOSUITests.xctest */ = {isa = PBXFileReference; explicitFileType = wrapper.cfbundle; includeInIndex = 0; path = PersonalGrowthOSUITests.xctest; sourceTree = BUILT_PRODUCTS_DIR; };
		A00000000000000000000009 /* AppConfiguration.swift */ = {isa = PBXFileReference; lastKnownFileType = sourcecode.swift; path = AppConfiguration.swift; sourceTree = "<group>"; };
		A00000000000000000000010 /* AppContainer.swift */ = {isa = PBXFileReference; lastKnownFileType = sourcecode.swift; path = AppContainer.swift; sourceTree = "<group>"; };
		A00000000000000000000011 /* EntryDomain.swift */ = {isa = PBXFileReference; lastKnownFileType = sourcecode.swift; path = Entry/EntryDomain.swift; sourceTree = "<group>"; };
		A00000000000000000000012 /* EntryDomainTests.swift */ = {isa = PBXFileReference; lastKnownFileType = sourcecode.swift; path = EntryDomainTests.swift; sourceTree = "<group>"; };
		A00000000000000000000013 /* PersistenceFoundation.swift */ = {isa = PBXFileReference; lastKnownFileType = sourcecode.swift; path = PersistenceFoundation.swift; sourceTree = "<group>"; };
		A00000000000000000000014 /* MediaStore.swift */ = {isa = PBXFileReference; lastKnownFileType = sourcecode.swift; path = MediaStore.swift; sourceTree = "<group>"; };
		A00000000000000000000015 /* PersistenceMediaFoundationTests.swift */ = {isa = PBXFileReference; lastKnownFileType = sourcecode.swift; path = PersistenceMediaFoundationTests.swift; sourceTree = "<group>"; };
		A00000000000000000000016 /* QuickCaptureView.swift */ = {isa = PBXFileReference; lastKnownFileType = sourcecode.swift; path = QuickCaptureView.swift; sourceTree = "<group>"; };
		A00000000000000000000017 /* EntryDetailView.swift */ = {isa = PBXFileReference; lastKnownFileType = sourcecode.swift; path = EntryDetailView.swift; sourceTree = "<group>"; };
		A00000000000000000000018 /* ThumbnailStore.swift */ = {isa = PBXFileReference; lastKnownFileType = sourcecode.swift; path = ThumbnailStore.swift; sourceTree = "<group>"; };
		A00000000000000000000019 /* CameraCaptureView.swift */ = {isa = PBXFileReference; lastKnownFileType = sourcecode.swift; path = CameraCaptureView.swift; sourceTree = "<group>"; };
		A00000000000000000000020 /* OrganizationFoundation.swift */ = {isa = PBXFileReference; lastKnownFileType = sourcecode.swift; path = OrganizationFoundation.swift; sourceTree = "<group>"; };
		A00000000000000000000021 /* LibraryView.swift */ = {isa = PBXFileReference; lastKnownFileType = sourcecode.swift; path = LibraryView.swift; sourceTree = "<group>"; };
		A00000000000000000000022 /* SearchView.swift */ = {isa = PBXFileReference; lastKnownFileType = sourcecode.swift; path = SearchView.swift; sourceTree = "<group>"; };
		A00000000000000000000023 /* OrganizationSearchTests.swift */ = {isa = PBXFileReference; lastKnownFileType = sourcecode.swift; path = OrganizationSearchTests.swift; sourceTree = "<group>"; };
		A00000000000000000000024 /* HabitDomain.swift */ = {isa = PBXFileReference; lastKnownFileType = sourcecode.swift; path = Habit/HabitDomain.swift; sourceTree = "<group>"; };
		A00000000000000000000025 /* HabitFoundation.swift */ = {isa = PBXFileReference; lastKnownFileType = sourcecode.swift; path = HabitFoundation.swift; sourceTree = "<group>"; };
		A00000000000000000000026 /* HabitViews.swift */ = {isa = PBXFileReference; lastKnownFileType = sourcecode.swift; path = HabitViews.swift; sourceTree = "<group>"; };
		A00000000000000000000027 /* HabitFoundationTests.swift */ = {isa = PBXFileReference; lastKnownFileType = sourcecode.swift; path = HabitFoundationTests.swift; sourceTree = "<group>"; };
		A00000000000000000000028 /* GoalDomain.swift */ = {isa = PBXFileReference; lastKnownFileType = sourcecode.swift; path = Goal/GoalDomain.swift; sourceTree = "<group>"; };
		A00000000000000000000029 /* GoalFoundation.swift */ = {isa = PBXFileReference; lastKnownFileType = sourcecode.swift; path = GoalFoundation.swift; sourceTree = "<group>"; };
		A00000000000000000000030 /* GoalViews.swift */ = {isa = PBXFileReference; lastKnownFileType = sourcecode.swift; path = GoalViews.swift; sourceTree = "<group>"; };
		A00000000000000000000031 /* GoalFoundationTests.swift */ = {isa = PBXFileReference; lastKnownFileType = sourcecode.swift; path = GoalFoundationTests.swift; sourceTree = "<group>"; };
		A00000000000000000000032 /* ZIPArchive.swift */ = {isa = PBXFileReference; lastKnownFileType = sourcecode.swift; path = ZIPArchive.swift; sourceTree = "<group>"; };
		A00000000000000000000033 /* TransferModels.swift */ = {isa = PBXFileReference; lastKnownFileType = sourcecode.swift; path = TransferModels.swift; sourceTree = "<group>"; };
		A00000000000000000000034 /* ImportExportService.swift */ = {isa = PBXFileReference; lastKnownFileType = sourcecode.swift; path = ImportExportService.swift; sourceTree = "<group>"; };
		A00000000000000000000035 /* ImportExportRecoveryTests.swift */ = {isa = PBXFileReference; lastKnownFileType = sourcecode.swift; path = ImportExportRecoveryTests.swift; sourceTree = "<group>"; };
/* End PBXFileReference section */

/* Begin PBXFrameworksBuildPhase section */
		D00000000000000000000002 /* Frameworks */ = {
			isa = PBXFrameworksBuildPhase;
			buildActionMask = 2147483647;
			files = (
			);
			runOnlyForDeploymentPostprocessing = 0;
		};
		D00000000000000000000005 /* Frameworks */ = {
			isa = PBXFrameworksBuildPhase;
			buildActionMask = 2147483647;
			files = (
			);
			runOnlyForDeploymentPostprocessing = 0;
		};
		D00000000000000000000008 /* Frameworks */ = {
			isa = PBXFrameworksBuildPhase;
			buildActionMask = 2147483647;
			files = (
			);
			runOnlyForDeploymentPostprocessing = 0;
		};
/* End PBXFrameworksBuildPhase section */

/* Begin PBXGroup section */
		C00000000000000000000001 = {
			isa = PBXGroup;
			children = (
				C00000000000000000000002 /* PersonalGrowthOS */,
				C00000000000000000000003 /* PersonalGrowthOSTests */,
				C00000000000000000000004 /* PersonalGrowthOSUITests */,
				C00000000000000000000005 /* Products */,
			);
			sourceTree = "<group>";
		};
		C00000000000000000000002 /* PersonalGrowthOS */ = {
			isa = PBXGroup;
			children = (
				A00000000000000000000001 /* PersonalGrowthOSApp.swift */,
				A00000000000000000000002 /* AppShell.swift */,
				C00000000000000000000006 /* App */,
				C00000000000000000000007 /* Domain */,
				C00000000000000000000008 /* Persistence */,
				C00000000000000000000009 /* Media */,
				C00000000000000000000010 /* Capture */,
				C00000000000000000000011 /* Organization */,
				C00000000000000000000012 /* Library */,
				C00000000000000000000013 /* Search */,
				C00000000000000000000014 /* Habit */,
				C00000000000000000000015 /* Growth */,
				C00000000000000000000016 /* Goal */,
				C00000000000000000000017 /* ImportExport */,
				A00000000000000000000003 /* Assets.xcassets */,
			);
			path = PersonalGrowthOS;
			sourceTree = "<group>";
		};
		C00000000000000000000003 /* PersonalGrowthOSTests */ = {
			isa = PBXGroup;
			children = (
				A00000000000000000000004 /* AppCompositionTests.swift */,
				A00000000000000000000012 /* EntryDomainTests.swift */,
				A00000000000000000000015 /* PersistenceMediaFoundationTests.swift */,
				A00000000000000000000023 /* OrganizationSearchTests.swift */,
				A00000000000000000000027 /* HabitFoundationTests.swift */,
				A00000000000000000000031 /* GoalFoundationTests.swift */,
				A00000000000000000000035 /* ImportExportRecoveryTests.swift */,
			);
			path = PersonalGrowthOSTests;
			sourceTree = "<group>";
		};
		C00000000000000000000004 /* PersonalGrowthOSUITests */ = {
			isa = PBXGroup;
			children = (
				A00000000000000000000005 /* AppLaunchSmokeTests.swift */,
			);
			path = PersonalGrowthOSUITests;
			sourceTree = "<group>";
		};
		C00000000000000000000005 /* Products */ = {
			isa = PBXGroup;
			children = (
				A00000000000000000000006 /* PersonalGrowthOS.app */,
				A00000000000000000000007 /* PersonalGrowthOSTests.xctest */,
				A00000000000000000000008 /* PersonalGrowthOSUITests.xctest */,
			);
			name = Products;
			sourceTree = "<group>";
		};
		C00000000000000000000006 /* App */ = {
			isa = PBXGroup;
			children = (
				A00000000000000000000009 /* AppConfiguration.swift */,
				A00000000000000000000010 /* AppContainer.swift */,
			);
			path = App;
			sourceTree = "<group>";
		};
		C00000000000000000000007 /* Domain */ = {
			isa = PBXGroup;
			children = (
				A00000000000000000000011 /* EntryDomain.swift */,
				A00000000000000000000024 /* HabitDomain.swift */,
				A00000000000000000000028 /* GoalDomain.swift */,
			);
			path = Domain;
			sourceTree = "<group>";
		};
		C00000000000000000000008 /* Persistence */ = {
			isa = PBXGroup;
			children = (
				A00000000000000000000013 /* PersistenceFoundation.swift */,
			);
			path = Persistence;
			sourceTree = "<group>";
		};
		C00000000000000000000009 /* Media */ = {
			isa = PBXGroup;
			children = (
				A00000000000000000000014 /* MediaStore.swift */,
				A00000000000000000000018 /* ThumbnailStore.swift */,
			);
			path = Media;
			sourceTree = "<group>";
		};
		C00000000000000000000010 /* Capture */ = {
			isa = PBXGroup;
			children = (
				A00000000000000000000016 /* QuickCaptureView.swift */,
				A00000000000000000000017 /* EntryDetailView.swift */,
				A00000000000000000000019 /* CameraCaptureView.swift */,
			);
			path = Capture;
			sourceTree = "<group>";
		};
		C00000000000000000000011 /* Organization */ = {
			isa = PBXGroup;
			children = (
				A00000000000000000000020 /* OrganizationFoundation.swift */,
			);
			path = Organization;
			sourceTree = "<group>";
		};
		C00000000000000000000012 /* Library */ = {
			isa = PBXGroup;
			children = (
				A00000000000000000000021 /* LibraryView.swift */,
			);
			path = Library;
			sourceTree = "<group>";
		};
		C00000000000000000000013 /* Search */ = {
			isa = PBXGroup;
			children = (
				A00000000000000000000022 /* SearchView.swift */,
			);
			path = Search;
			sourceTree = "<group>";
		};
		C00000000000000000000014 /* Habit */ = {
			isa = PBXGroup;
			children = (
				A00000000000000000000025 /* HabitFoundation.swift */,
			);
			path = Habit;
			sourceTree = "<group>";
		};
		C00000000000000000000015 /* Growth */ = {
			isa = PBXGroup;
			children = (
				A00000000000000000000026 /* HabitViews.swift */,
				A00000000000000000000030 /* GoalViews.swift */,
			);
			path = Growth;
			sourceTree = "<group>";
		};
		C00000000000000000000016 /* Goal */ = {
			isa = PBXGroup;
			children = (
				A00000000000000000000029 /* GoalFoundation.swift */,
			);
			path = Goal;
			sourceTree = "<group>";
		};
		C00000000000000000000017 /* ImportExport */ = {
			isa = PBXGroup;
			children = (
				A00000000000000000000032 /* ZIPArchive.swift */,
				A00000000000000000000033 /* TransferModels.swift */,
				A00000000000000000000034 /* ImportExportService.swift */,
			);
			path = ImportExport;
			sourceTree = "<group>";
		};
/* End PBXGroup section */

/* Begin PBXNativeTarget section */
		F00000000000000000000001 /* PersonalGrowthOS */ = {
			isa = PBXNativeTarget;
			buildConfigurationList = J00000000000000000000002 /* Build configuration list for PBXNativeTarget "PersonalGrowthOS" */;
			buildPhases = (
				D00000000000000000000001 /* Sources */,
				D00000000000000000000002 /* Frameworks */,
				D00000000000000000000003 /* Resources */,
			);
			buildRules = (
			);
			dependencies = (
			);
			name = PersonalGrowthOS;
			productName = PersonalGrowthOS;
			productReference = A00000000000000000000006 /* PersonalGrowthOS.app */;
			productType = "com.apple.product-type.application";
		};
		F00000000000000000000002 /* PersonalGrowthOSTests */ = {
			isa = PBXNativeTarget;
			buildConfigurationList = J00000000000000000000003 /* Build configuration list for PBXNativeTarget "PersonalGrowthOSTests" */;
			buildPhases = (
				D00000000000000000000004 /* Sources */,
				D00000000000000000000005 /* Frameworks */,
				D00000000000000000000006 /* Resources */,
			);
			buildRules = (
			);
			dependencies = (
				E00000000000000000000004 /* PBXTargetDependency */,
			);
			name = PersonalGrowthOSTests;
			productName = PersonalGrowthOSTests;
			productReference = A00000000000000000000007 /* PersonalGrowthOSTests.xctest */;
			productType = "com.apple.product-type.bundle.unit-test";
		};
		F00000000000000000000003 /* PersonalGrowthOSUITests */ = {
			isa = PBXNativeTarget;
			buildConfigurationList = J00000000000000000000004 /* Build configuration list for PBXNativeTarget "PersonalGrowthOSUITests" */;
			buildPhases = (
				D00000000000000000000007 /* Sources */,
				D00000000000000000000008 /* Frameworks */,
				D00000000000000000000009 /* Resources */,
			);
			buildRules = (
			);
			dependencies = (
				E00000000000000000000002 /* PBXTargetDependency */,
			);
			name = PersonalGrowthOSUITests;
			productName = PersonalGrowthOSUITests;
			productReference = A00000000000000000000008 /* PersonalGrowthOSUITests.xctest */;
			productType = "com.apple.product-type.bundle.ui-testing";
		};
/* End PBXNativeTarget section */

/* Begin PBXProject section */
		H00000000000000000000001 /* Project object */ = {
			isa = PBXProject;
			attributes = {
				BuildIndependentTargetsInParallel = 1;
				LastSwiftUpdateCheck = 2650;
				LastUpgradeCheck = 2650;
				TargetAttributes = {
					F00000000000000000000001 = {
						CreatedOnToolsVersion = 26.5;
					};
					F00000000000000000000002 = {
						CreatedOnToolsVersion = 26.5;
					};
					F00000000000000000000003 = {
						CreatedOnToolsVersion = 26.5;
						TestTargetID = F00000000000000000000001;
					};
				};
			};
			buildConfigurationList = J00000000000000000000001 /* Build configuration list for PBXProject "PersonalGrowthOS" */;
			compatibilityVersion = "Xcode 16.0";
			developmentRegion = en;
			hasScannedForEncodings = 0;
			knownRegions = (
				en,
				Base,
			);
			mainGroup = C00000000000000000000001;
			preferredProjectObjectVersion = 77;
			productRefGroup = C00000000000000000000005 /* Products */;
			projectDirPath = "";
			projectRoot = "";
			targets = (
				F00000000000000000000001 /* PersonalGrowthOS */,
				F00000000000000000000002 /* PersonalGrowthOSTests */,
				F00000000000000000000003 /* PersonalGrowthOSUITests */,
			);
		};
/* End PBXProject section */

/* Begin PBXResourcesBuildPhase section */
		D00000000000000000000003 /* Resources */ = {
			isa = PBXResourcesBuildPhase;
			buildActionMask = 2147483647;
			files = (
				B00000000000000000000003 /* Assets.xcassets in Resources */,
			);
			runOnlyForDeploymentPostprocessing = 0;
		};
		D00000000000000000000006 /* Resources */ = {
			isa = PBXResourcesBuildPhase;
			buildActionMask = 2147483647;
			files = (
			);
			runOnlyForDeploymentPostprocessing = 0;
		};
		D00000000000000000000009 /* Resources */ = {
			isa = PBXResourcesBuildPhase;
			buildActionMask = 2147483647;
			files = (
			);
			runOnlyForDeploymentPostprocessing = 0;
		};
/* End PBXResourcesBuildPhase section */

/* Begin PBXSourcesBuildPhase section */
		D00000000000000000000001 /* Sources */ = {
			isa = PBXSourcesBuildPhase;
			buildActionMask = 2147483647;
			files = (
				B00000000000000000000001 /* PersonalGrowthOSApp.swift in Sources */,
				B00000000000000000000002 /* AppShell.swift in Sources */,
				B00000000000000000000006 /* AppConfiguration.swift in Sources */,
				B00000000000000000000007 /* AppContainer.swift in Sources */,
				B00000000000000000000008 /* EntryDomain.swift in Sources */,
				B00000000000000000000010 /* PersistenceFoundation.swift in Sources */,
				B00000000000000000000011 /* MediaStore.swift in Sources */,
				B00000000000000000000013 /* QuickCaptureView.swift in Sources */,
				B00000000000000000000014 /* EntryDetailView.swift in Sources */,
				B00000000000000000000015 /* ThumbnailStore.swift in Sources */,
				B00000000000000000000016 /* CameraCaptureView.swift in Sources */,
				B00000000000000000000017 /* OrganizationFoundation.swift in Sources */,
				B00000000000000000000018 /* LibraryView.swift in Sources */,
				B00000000000000000000019 /* SearchView.swift in Sources */,
				B00000000000000000000021 /* HabitDomain.swift in Sources */,
				B00000000000000000000022 /* HabitFoundation.swift in Sources */,
				B00000000000000000000023 /* HabitViews.swift in Sources */,
				B00000000000000000000025 /* GoalDomain.swift in Sources */,
				B00000000000000000000026 /* GoalFoundation.swift in Sources */,
				B00000000000000000000027 /* GoalViews.swift in Sources */,
				B00000000000000000000029 /* ZIPArchive.swift in Sources */,
				B00000000000000000000030 /* TransferModels.swift in Sources */,
				B00000000000000000000031 /* ImportExportService.swift in Sources */,
			);
			runOnlyForDeploymentPostprocessing = 0;
		};
		D00000000000000000000004 /* Sources */ = {
			isa = PBXSourcesBuildPhase;
			buildActionMask = 2147483647;
			files = (
				B00000000000000000000004 /* AppCompositionTests.swift in Sources */,
				B00000000000000000000009 /* EntryDomainTests.swift in Sources */,
				B00000000000000000000012 /* PersistenceMediaFoundationTests.swift in Sources */,
				B00000000000000000000020 /* OrganizationSearchTests.swift in Sources */,
				B00000000000000000000024 /* HabitFoundationTests.swift in Sources */,
				B00000000000000000000028 /* GoalFoundationTests.swift in Sources */,
				B00000000000000000000032 /* ImportExportRecoveryTests.swift in Sources */,
			);
			runOnlyForDeploymentPostprocessing = 0;
		};
		D00000000000000000000007 /* Sources */ = {
			isa = PBXSourcesBuildPhase;
			buildActionMask = 2147483647;
			files = (
				B00000000000000000000005 /* AppLaunchSmokeTests.swift in Sources */,
			);
			runOnlyForDeploymentPostprocessing = 0;
		};
/* End PBXSourcesBuildPhase section */

/* Begin PBXTargetDependency section */
		E00000000000000000000002 /* PBXTargetDependency */ = {
			isa = PBXTargetDependency;
			target = F00000000000000000000001 /* PersonalGrowthOS */;
			targetProxy = E00000000000000000000001 /* PBXContainerItemProxy */;
		};
		E00000000000000000000004 /* PBXTargetDependency */ = {
			isa = PBXTargetDependency;
			target = F00000000000000000000001 /* PersonalGrowthOS */;
			targetProxy = E00000000000000000000003 /* PBXContainerItemProxy */;
		};
/* End PBXTargetDependency section */

/* Begin XCBuildConfiguration section */
		I00000000000000000000001 /* Debug */ = {
			isa = XCBuildConfiguration;
			buildSettings = {
				ALWAYS_SEARCH_USER_PATHS = NO;
				CLANG_ENABLE_MODULES = YES;
				ENABLE_TESTABILITY = YES;
				GCC_C_LANGUAGE_STANDARD = gnu17;
				IPHONEOS_DEPLOYMENT_TARGET = 17.0;
				SDKROOT = iphoneos;
				SWIFT_ACTIVE_COMPILATION_CONDITIONS = "DEBUG $(inherited)";
				SWIFT_OPTIMIZATION_LEVEL = "-Onone";
		};
			name = Debug;
		};
		I00000000000000000000002 /* Release */ = {
			isa = XCBuildConfiguration;
			buildSettings = {
				ALWAYS_SEARCH_USER_PATHS = NO;
				CLANG_ENABLE_MODULES = YES;
				GCC_C_LANGUAGE_STANDARD = gnu17;
				IPHONEOS_DEPLOYMENT_TARGET = 17.0;
				SDKROOT = iphoneos;
				SWIFT_COMPILATION_MODE = wholemodule;
				VALIDATE_PRODUCT = YES;
			};
			name = Release;
		};
		I00000000000000000000003 /* Debug */ = {
			isa = XCBuildConfiguration;
			buildSettings = {
				ASSETCATALOG_COMPILER_APPICON_NAME = AppIcon;
				ASSETCATALOG_COMPILER_GLOBAL_ACCENT_COLOR_NAME = AccentColor;
				CODE_SIGN_STYLE = Automatic;
				CURRENT_PROJECT_VERSION = 1;
				GENERATE_INFOPLIST_FILE = YES;
				INFOPLIST_KEY_UIApplicationSceneManifest_Generation = YES;
				INFOPLIST_KEY_NSCameraUsageDescription = "Capture photos you choose to save in your private entries.";
				INFOPLIST_KEY_UILaunchScreen_Generation = YES;
				IPHONEOS_DEPLOYMENT_TARGET = 17.0;
				LD_RUNPATH_SEARCH_PATHS = (
					"$(inherited)",
					"@executable_path/Frameworks",
				);
				MARKETING_VERSION = 1.0;
				PRODUCT_BUNDLE_IDENTIFIER = com.yocruzer.PersonalGrowthOS;
				PRODUCT_NAME = "$(TARGET_NAME)";
				SWIFT_VERSION = 5.0;
				TARGETED_DEVICE_FAMILY = 1;
			};
			name = Debug;
		};
		I00000000000000000000004 /* Release */ = {
			isa = XCBuildConfiguration;
			buildSettings = {
				ASSETCATALOG_COMPILER_APPICON_NAME = AppIcon;
				ASSETCATALOG_COMPILER_GLOBAL_ACCENT_COLOR_NAME = AccentColor;
				CODE_SIGN_STYLE = Automatic;
				CURRENT_PROJECT_VERSION = 1;
				GENERATE_INFOPLIST_FILE = YES;
				INFOPLIST_KEY_UIApplicationSceneManifest_Generation = YES;
				INFOPLIST_KEY_NSCameraUsageDescription = "Capture photos you choose to save in your private entries.";
				INFOPLIST_KEY_UILaunchScreen_Generation = YES;
				IPHONEOS_DEPLOYMENT_TARGET = 17.0;
				LD_RUNPATH_SEARCH_PATHS = (
					"$(inherited)",
					"@executable_path/Frameworks",
				);
				MARKETING_VERSION = 1.0;
				PRODUCT_BUNDLE_IDENTIFIER = com.yocruzer.PersonalGrowthOS;
				PRODUCT_NAME = "$(TARGET_NAME)";
				SWIFT_VERSION = 5.0;
				TARGETED_DEVICE_FAMILY = 1;
			};
			name = Release;
		};
		I00000000000000000000005 /* Debug */ = {
			isa = XCBuildConfiguration;
			buildSettings = {
				BUNDLE_LOADER = "$(TEST_HOST)";
				CODE_SIGN_STYLE = Automatic;
				GENERATE_INFOPLIST_FILE = YES;
				IPHONEOS_DEPLOYMENT_TARGET = 17.0;
				LD_RUNPATH_SEARCH_PATHS = (
					"$(inherited)",
					"@executable_path/Frameworks",
					"@loader_path/Frameworks",
				);
				PRODUCT_BUNDLE_IDENTIFIER = com.yocruzer.PersonalGrowthOS.Tests;
				PRODUCT_NAME = "$(TARGET_NAME)";
				SWIFT_VERSION = 5.0;
				TARGETED_DEVICE_FAMILY = 1;
				TEST_HOST = "$(BUILT_PRODUCTS_DIR)/PersonalGrowthOS.app/$(BUNDLE_EXECUTABLE_FOLDER_PATH)/PersonalGrowthOS";
			};
			name = Debug;
		};
		I00000000000000000000006 /* Release */ = {
			isa = XCBuildConfiguration;
			buildSettings = {
				BUNDLE_LOADER = "$(TEST_HOST)";
				CODE_SIGN_STYLE = Automatic;
				GENERATE_INFOPLIST_FILE = YES;
				IPHONEOS_DEPLOYMENT_TARGET = 17.0;
				LD_RUNPATH_SEARCH_PATHS = (
					"$(inherited)",
					"@executable_path/Frameworks",
					"@loader_path/Frameworks",
				);
				PRODUCT_BUNDLE_IDENTIFIER = com.yocruzer.PersonalGrowthOS.Tests;
				PRODUCT_NAME = "$(TARGET_NAME)";
				SWIFT_VERSION = 5.0;
				TARGETED_DEVICE_FAMILY = 1;
				TEST_HOST = "$(BUILT_PRODUCTS_DIR)/PersonalGrowthOS.app/$(BUNDLE_EXECUTABLE_FOLDER_PATH)/PersonalGrowthOS";
			};
			name = Release;
		};
		I00000000000000000000007 /* Debug */ = {
			isa = XCBuildConfiguration;
			buildSettings = {
				CODE_SIGN_STYLE = Automatic;
				GENERATE_INFOPLIST_FILE = YES;
				IPHONEOS_DEPLOYMENT_TARGET = 17.0;
				LD_RUNPATH_SEARCH_PATHS = (
					"$(inherited)",
					"@executable_path/Frameworks",
					"@loader_path/Frameworks",
				);
				PRODUCT_BUNDLE_IDENTIFIER = com.yocruzer.PersonalGrowthOS.UITests;
				PRODUCT_NAME = "$(TARGET_NAME)";
				SWIFT_VERSION = 5.0;
				TARGETED_DEVICE_FAMILY = 1;
				TEST_TARGET_NAME = PersonalGrowthOS;
			};
			name = Debug;
		};
		I00000000000000000000008 /* Release */ = {
			isa = XCBuildConfiguration;
			buildSettings = {
				CODE_SIGN_STYLE = Automatic;
				GENERATE_INFOPLIST_FILE = YES;
				IPHONEOS_DEPLOYMENT_TARGET = 17.0;
				LD_RUNPATH_SEARCH_PATHS = (
					"$(inherited)",
					"@executable_path/Frameworks",
					"@loader_path/Frameworks",
				);
				PRODUCT_BUNDLE_IDENTIFIER = com.yocruzer.PersonalGrowthOS.UITests;
				PRODUCT_NAME = "$(TARGET_NAME)";
				SWIFT_VERSION = 5.0;
				TARGETED_DEVICE_FAMILY = 1;
				TEST_TARGET_NAME = PersonalGrowthOS;
			};
			name = Release;
		};
/* End XCBuildConfiguration section */

/* Begin XCConfigurationList section */
		J00000000000000000000001 /* Build configuration list for PBXProject "PersonalGrowthOS" */ = {
			isa = XCConfigurationList;
			buildConfigurations = (
				I00000000000000000000001 /* Debug */,
				I00000000000000000000002 /* Release */,
			);
			defaultConfigurationIsVisible = 0;
			defaultConfigurationName = Release;
		};
		J00000000000000000000002 /* Build configuration list for PBXNativeTarget "PersonalGrowthOS" */ = {
			isa = XCConfigurationList;
			buildConfigurations = (
				I00000000000000000000003 /* Debug */,
				I00000000000000000000004 /* Release */,
			);
			defaultConfigurationIsVisible = 0;
			defaultConfigurationName = Release;
		};
		J00000000000000000000003 /* Build configuration list for PBXNativeTarget "PersonalGrowthOSTests" */ = {
			isa = XCConfigurationList;
			buildConfigurations = (
				I00000000000000000000005 /* Debug */,
				I00000000000000000000006 /* Release */,
			);
			defaultConfigurationIsVisible = 0;
			defaultConfigurationName = Release;
		};
		J00000000000000000000004 /* Build configuration list for PBXNativeTarget "PersonalGrowthOSUITests" */ = {
			isa = XCConfigurationList;
			buildConfigurations = (
				I00000000000000000000007 /* Debug */,
				I00000000000000000000008 /* Release */,
			);
			defaultConfigurationIsVisible = 0;
			defaultConfigurationName = Release;
		};
/* End XCConfigurationList section */
	};
	rootObject = H00000000000000000000001 /* Project object */;
}
